
Microsoft Visual Studio Solution File, Format Version 12.00
# Visual Studio Version 17
VisualStudioVersion = 17.5.33627.172
MinimumVisualStudioVersion = 10.0.40219.1
Project("{FAE04EC0-301F-11D3-BF4B-00C04F79EFBC}") = "ADV-206", "ADV-206\ADV-206.csproj", "{22CFF6B3-E56E-4D8B-A263-AC849A6149A9}"
EndProject
Project("{FAE04EC0-301F-11D3-BF4B-00C04F79EFBC}") = "ADV-206.Tests", "ADV-206.Tests\ADV-206.Tests.csproj", "{A3446179-9270-4BD5-B1A1-3ADB155A6F90}"
EndProject
Global
	GlobalSection(SolutionConfigurationPlatforms) = preSolution
		Debug|Any CPU = Debug|Any CPU
		Release|Any CPU = Release|Any CPU
	EndGlobalSection
	GlobalSection(ProjectConfigurationPlatforms) = postSolution
		{22CFF6B3-E56E-4D8B-A263-AC849A6149A9}.Debug|Any CPU.ActiveCfg = Debug|Any CPU
		{22CFF6B3-E56E-4D8B-A263-AC849A6149A9}.Debug|Any CPU.Build.0 = Debug|Any CPU
		{22CFF6B3-E56E-4D8B-A263-AC849A6149A9}.Release|Any CPU.ActiveCfg = Release|Any CPU
		{22CFF6B3-E56E-4D8B-A263-AC849A6149A9}.Release|Any CPU.Build.0 = Release|Any CPU
		{A3446179-9270-4BD5-B1A1-3ADB155A6F90}.Debug|Any CPU.ActiveCfg = Debug|Any CPU
		{A3446179-9270-4BD5-B1A1-3ADB155A6F90}.Debug|Any CPU.Build.0 = Debug|Any CPU
		{A3446179-9270-4BD5-B1A1-3ADB155A6F90}.Release|Any CPU.ActiveCfg = Release|Any CPU
		{A3446179-9270-4BD5-B1A1-3ADB155A6F90}.Release|Any CPU.Build.0 = Release|Any CPU
	EndGlobalSection
	GlobalSection(SolutionProperties) = preSolution
		HideSolutionNode = FALSE
	EndGlobalSection
	GlobalSection(ExtensibilityGlobals) = postSolution
		SolutionGuid = {BCD5977E-7FCB-4382-917A-7A032E492E0E}
	EndGlobalSection
EndGlobal
