
Microsoft Visual Studio Solution File, Format Version 12.00
# Visual Studio Version 17
VisualStudioVersion = 17.5.33627.172
MinimumVisualStudioVersion = 10.0.40219.1
Project("{FAE04EC0-301F-11D3-BF4B-00C04F79EFBC}") = "ADV-207", "ADV-207\ADV-207.csproj", "{BF5497DA-865B-4799-9A76-F79C86E69121}"
EndProject
Global
	GlobalSection(SolutionConfigurationPlatforms) = preSolution
		Debug|Any CPU = Debug|Any CPU
		Release|Any CPU = Release|Any CPU
	EndGlobalSection
	GlobalSection(ProjectConfigurationPlatforms) = postSolution
		{BF5497DA-865B-4799-9A76-F79C86E69121}.Debug|Any CPU.ActiveCfg = Debug|Any CPU
		{BF5497DA-865B-4799-9A76-F79C86E69121}.Debug|Any CPU.Build.0 = Debug|Any CPU
		{BF5497DA-865B-4799-9A76-F79C86E69121}.Release|Any CPU.ActiveCfg = Release|Any CPU
		{BF5497DA-865B-4799-9A76-F79C86E69121}.Release|Any CPU.Build.0 = Release|Any CPU
	EndGlobalSection
	GlobalSection(SolutionProperties) = preSolution
		HideSolutionNode = FALSE
	EndGlobalSection
	GlobalSection(ExtensibilityGlobals) = postSolution
		SolutionGuid = {5D5A16CD-1B39-46B4-B1AE-F8497E15E376}
	EndGlobalSection
EndGlobal
