
Microsoft Visual Studio Solution File, Format Version 12.00
# Visual Studio Version 17
VisualStudioVersion = 17.4.33213.308
MinimumVisualStudioVersion = 10.0.40219.1
Project("{FAE04EC0-301F-11D3-BF4B-00C04F79EFBC}") = "ADV-200", "ADV-200\ADV-200.csproj", "{582B7688-972C-4413-B0A5-03883F775D8A}"
EndProject
Global
	GlobalSection(SolutionConfigurationPlatforms) = preSolution
		Debug|Any CPU = Debug|Any CPU
		Release|Any CPU = Release|Any CPU
	EndGlobalSection
	GlobalSection(ProjectConfigurationPlatforms) = postSolution
		{582B7688-972C-4413-B0A5-03883F775D8A}.Debug|Any CPU.ActiveCfg = Debug|Any CPU
		{582B7688-972C-4413-B0A5-03883F775D8A}.Debug|Any CPU.Build.0 = Debug|Any CPU
		{582B7688-972C-4413-B0A5-03883F775D8A}.Release|Any CPU.ActiveCfg = Release|Any CPU
		{582B7688-972C-4413-B0A5-03883F775D8A}.Release|Any CPU.Build.0 = Release|Any CPU
	EndGlobalSection
	GlobalSection(SolutionProperties) = preSolution
		HideSolutionNode = FALSE
	EndGlobalSection
	GlobalSection(ExtensibilityGlobals) = postSolution
		SolutionGuid = {A96F0B5A-F7FC-4678-9072-B81B51202015}
	EndGlobalSection
EndGlobal
